# THIS IS AN AUTOGENERATED FILE. DO NOT EDIT THIS FILE DIRECTLY.
# yarn lockfile v1


hyperhtml@^2.10.1:
  version "2.11.1"
  resolved "https://registry.npmjs.org/hyperhtml/-/hyperhtml-2.11.1.tgz#787b04ef8e34b32ad2c79acc4c61e58b0ea684a5"
  dependencies:
    lightercollective "^0.0.3"

lightercollective@^0.0.3:
  version "0.0.3"
  resolved "https://registry.npmjs.org/lightercollective/-/lightercollective-0.0.3.tgz#c58f01fde36f4d9432eda354c635a192fc291b2b"

onpushstate@^0.3.1:
  version "0.3.1"
  resolved "https://registry.npmjs.org/onpushstate/-/onpushstate-0.3.1.tgz#b6c612beebf4388b9d4cdd1223fd81ef365db877"

typescript@^2.9.0-rc:
  version "2.9.2"
  resolved "https://registry.npmjs.org/typescript/-/typescript-2.9.2.tgz#1cbf61d05d6b96269244eb6a3bce4bd914e0f00c"

url-pattern@^1.0.3:
  version "1.0.3"
  resolved "https://registry.npmjs.org/url-pattern/-/url-pattern-1.0.3.tgz#0409292471b24f23c50d65a47931793d2b5acfc1"
